
Microsoft Visual Studio Solution File, Format Version 12.00
# Visual Studio 15
VisualStudioVersion = 15.0.28307.902
MinimumVisualStudioVersion = 10.0.40219.1
Project("{FAE04EC0-301F-11D3-BF4B-00C04F79EFBC}") = "cancer software", "cancer software\cancer software.csproj", "{9ECF9E83-8BF4-44A9-BC81-F634F9FD485A}"
EndProject
Global
	GlobalSection(SolutionConfigurationPlatforms) = preSolution
		Debug|Any CPU = Debug|Any CPU
		Release|Any CPU = Release|Any CPU
	EndGlobalSection
	GlobalSection(ProjectConfigurationPlatforms) = postSolution
		{9ECF9E83-8BF4-44A9-BC81-F634F9FD485A}.Debug|Any CPU.ActiveCfg = Debug|Any CPU
		{9ECF9E83-8BF4-44A9-BC81-F634F9FD485A}.Debug|Any CPU.Build.0 = Debug|Any CPU
		{9ECF9E83-8BF4-44A9-BC81-F634F9FD485A}.Release|Any CPU.ActiveCfg = Release|Any CPU
		{9ECF9E83-8BF4-44A9-BC81-F634F9FD485A}.Release|Any CPU.Build.0 = Release|Any CPU
	EndGlobalSection
	GlobalSection(SolutionProperties) = preSolution
		HideSolutionNode = FALSE
	EndGlobalSection
	GlobalSection(ExtensibilityGlobals) = postSolution
		SolutionGuid = {DFB6E79E-2F05-440B-9E7B-2305B88A459A}
	EndGlobalSection
EndGlobal
